// !$*UTF8*$!
{
	archiveVersion = 1;
	classes = {
	};
	objectVersion = 54;
	objects = {

/* Begin PBXBuildFile section */
		44F4AA3DB70410A7E5B26DBE /* Pods_Chefaa_Task_Chefaa_TaskUITests.framework in Frameworks */ = {isa = PBXBuildFile; fileRef = CEE33299B73D13E84593DE43 /* Pods_Chefaa_Task_Chefaa_TaskUITests.framework */; };
		59EA4EBEC7AF7C4FF96C2E93 /* Pods_Chefaa_TaskTests.framework in Frameworks */ = {isa = PBXBuildFile; fileRef = 100D3510EDD70E596AD20FAB /* Pods_Chefaa_TaskTests.framework */; };
		B1541BFD87DCCDD5C128E212 /* Pods_Chefaa_Task.framework in Frameworks */ = {isa = PBXBuildFile; fileRef = DD968892DCC065DF415CF8ED /* Pods_Chefaa_Task.framework */; };
		E86085492B3A32D800958E65 /* CharacterCell.swift in Sources */ = {isa = PBXBuildFile; fileRef = E86085472B3A32D800958E65 /* CharacterCell.swift */; };
		E860854A2B3A32D800958E65 /* CharacterCell.xib in Resources */ = {isa = PBXBuildFile; fileRef = E86085482B3A32D800958E65 /* CharacterCell.xib */; };
		E860854C2B3A401600958E65 /* Character.swift in Sources */ = {isa = PBXBuildFile; fileRef = E860854B2B3A401600958E65 /* Character.swift */; };
		E860854F2B3A57C300958E65 /* DetailsViewController.swift in Sources */ = {isa = PBXBuildFile; fileRef = E860854E2B3A57C300958E65 /* DetailsViewController.swift */; };
		E86085532B3A57FD00958E65 /* CategoryCell.swift in Sources */ = {isa = PBXBuildFile; fileRef = E86085512B3A57FD00958E65 /* CategoryCell.swift */; };
		E86085542B3A57FD00958E65 /* CategoryCell.xib in Resources */ = {isa = PBXBuildFile; fileRef = E86085522B3A57FD00958E65 /* CategoryCell.xib */; };
		E89BC4A52B3A2C8F00CED366 /* AppDelegate.swift in Sources */ = {isa = PBXBuildFile; fileRef = E89BC4A42B3A2C8F00CED366 /* AppDelegate.swift */; };
		E89BC4A72B3A2C8F00CED366 /* SceneDelegate.swift in Sources */ = {isa = PBXBuildFile; fileRef = E89BC4A62B3A2C8F00CED366 /* SceneDelegate.swift */; };
		E89BC4A92B3A2C8F00CED366 /* ViewController.swift in Sources */ = {isa = PBXBuildFile; fileRef = E89BC4A82B3A2C8F00CED366 /* ViewController.swift */; };
		E89BC4AC2B3A2C8F00CED366 /* Main.storyboard in Resources */ = {isa = PBXBuildFile; fileRef = E89BC4AA2B3A2C8F00CED366 /* Main.storyboard */; };
		E89BC4AE2B3A2C9200CED366 /* Assets.xcassets in Resources */ = {isa = PBXBuildFile; fileRef = E89BC4AD2B3A2C9200CED366 /* Assets.xcassets */; };
		E89BC4B12B3A2C9200CED366 /* LaunchScreen.storyboard in Resources */ = {isa = PBXBuildFile; fileRef = E89BC4AF2B3A2C9200CED366 /* LaunchScreen.storyboard */; };
		E89BC4BC2B3A2C9200CED366 /* Chefaa_TaskTests.swift in Sources */ = {isa = PBXBuildFile; fileRef = E89BC4BB2B3A2C9200CED366 /* Chefaa_TaskTests.swift */; };
		E89BC4C62B3A2C9200CED366 /* Chefaa_TaskUITests.swift in Sources */ = {isa = PBXBuildFile; fileRef = E89BC4C52B3A2C9200CED366 /* Chefaa_TaskUITests.swift */; };
		E89BC4C82B3A2C9200CED366 /* Chefaa_TaskUITestsLaunchTests.swift in Sources */ = {isa = PBXBuildFile; fileRef = E89BC4C72B3A2C9200CED366 /* Chefaa_TaskUITestsLaunchTests.swift */; };
		E89BC4DC2B3A2E4B00CED366 /* NetworkManager.swift in Sources */ = {isa = PBXBuildFile; fileRef = E89BC4DB2B3A2E4B00CED366 /* NetworkManager.swift */; };
		E89BC4DE2B3A2E6400CED366 /* Url.swift in Sources */ = {isa = PBXBuildFile; fileRef = E89BC4DD2B3A2E6400CED366 /* Url.swift */; };
		E89BC4E02B3A2E6F00CED366 /* ApiService.swift in Sources */ = {isa = PBXBuildFile; fileRef = E89BC4DF2B3A2E6F00CED366 /* ApiService.swift */; };
		E89BC4E22B3A2F0200CED366 /* CharactersViewModel.swift in Sources */ = {isa = PBXBuildFile; fileRef = E89BC4E12B3A2F0200CED366 /* CharactersViewModel.swift */; };
		E89BC4E62B3A2F4A00CED366 /* CharactersViewController.swift in Sources */ = {isa = PBXBuildFile; fileRef = E89BC4E52B3A2F4A00CED366 /* CharactersViewController.swift */; };
/* End PBXBuildFile section */

/* Begin PBXContainerItemProxy section */
		E89BC4B82B3A2C9200CED366 /* PBXContainerItemProxy */ = {
			isa = PBXContainerItemProxy;
			containerPortal = E89BC4992B3A2C8E00CED366 /* Project object */;
			proxyType = 1;
			remoteGlobalIDString = E89BC4A02B3A2C8F00CED366;
			remoteInfo = Chefaa_Task;
		};
		E89BC4C22B3A2C9200CED366 /* PBXContainerItemProxy */ = {
			isa = PBXContainerItemProxy;
			containerPortal = E89BC4992B3A2C8E00CED366 /* Project object */;
			proxyType = 1;
			remoteGlobalIDString = E89BC4A02B3A2C8F00CED366;
			remoteInfo = Chefaa_Task;
		};
/* End PBXContainerItemProxy section */

/* Begin PBXFileReference section */
		05C4FEF3A82437588CE56D40 /* Pods-Chefaa_Task-Chefaa_TaskUITests.release.xcconfig */ = {isa = PBXFileReference; includeInIndex = 1; lastKnownFileType = text.xcconfig; name = "Pods-Chefaa_Task-Chefaa_TaskUITests.release.xcconfig"; path = "Target Support Files/Pods-Chefaa_Task-Chefaa_TaskUITests/Pods-Chefaa_Task-Chefaa_TaskUITests.release.xcconfig"; sourceTree = "<group>"; };
		100D3510EDD70E596AD20FAB /* Pods_Chefaa_TaskTests.framework */ = {isa = PBXFileReference; explicitFileType = wrapper.framework; includeInIndex = 0; path = Pods_Chefaa_TaskTests.framework; sourceTree = BUILT_PRODUCTS_DIR; };
		22CE9CFD07F0CE3CE0B93CF6 /* Pods-Chefaa_TaskTests.debug.xcconfig */ = {isa = PBXFileReference; includeInIndex = 1; lastKnownFileType = text.xcconfig; name = "Pods-Chefaa_TaskTests.debug.xcconfig"; path = "Target Support Files/Pods-Chefaa_TaskTests/Pods-Chefaa_TaskTests.debug.xcconfig"; sourceTree = "<group>"; };
		2516EB304E1863E4B9EB23AE /* Pods-Chefaa_Task.release.xcconfig */ = {isa = PBXFileReference; includeInIndex = 1; lastKnownFileType = text.xcconfig; name = "Pods-Chefaa_Task.release.xcconfig"; path = "Target Support Files/Pods-Chefaa_Task/Pods-Chefaa_Task.release.xcconfig"; sourceTree = "<group>"; };
		CEE33299B73D13E84593DE43 /* Pods_Chefaa_Task_Chefaa_TaskUITests.framework */ = {isa = PBXFileReference; explicitFileType = wrapper.framework; includeInIndex = 0; path = Pods_Chefaa_Task_Chefaa_TaskUITests.framework; sourceTree = BUILT_PRODUCTS_DIR; };
		DD968892DCC065DF415CF8ED /* Pods_Chefaa_Task.framework */ = {isa = PBXFileReference; explicitFileType = wrapper.framework; includeInIndex = 0; path = Pods_Chefaa_Task.framework; sourceTree = BUILT_PRODUCTS_DIR; };
		E86085472B3A32D800958E65 /* CharacterCell.swift */ = {isa = PBXFileReference; lastKnownFileType = sourcecode.swift; path = CharacterCell.swift; sourceTree = "<group>"; };
		E86085482B3A32D800958E65 /* CharacterCell.xib */ = {isa = PBXFileReference; lastKnownFileType = file.xib; path = CharacterCell.xib; sourceTree = "<group>"; };
		E860854B2B3A401600958E65 /* Character.swift */ = {isa = PBXFileReference; lastKnownFileType = sourcecode.swift; path = Character.swift; sourceTree = "<group>"; };
		E860854E2B3A57C300958E65 /* DetailsViewController.swift */ = {isa = PBXFileReference; lastKnownFileType = sourcecode.swift; path = DetailsViewController.swift; sourceTree = "<group>"; };
		E86085512B3A57FD00958E65 /* CategoryCell.swift */ = {isa = PBXFileReference; lastKnownFileType = sourcecode.swift; path = CategoryCell.swift; sourceTree = "<group>"; };
		E86085522B3A57FD00958E65 /* CategoryCell.xib */ = {isa = PBXFileReference; lastKnownFileType = file.xib; path = CategoryCell.xib; sourceTree = "<group>"; };
		E89BC4A12B3A2C8F00CED366 /* Chefaa_Task.app */ = {isa = PBXFileReference; explicitFileType = wrapper.application; includeInIndex = 0; path = Chefaa_Task.app; sourceTree = BUILT_PRODUCTS_DIR; };
		E89BC4A42B3A2C8F00CED366 /* AppDelegate.swift */ = {isa = PBXFileReference; lastKnownFileType = sourcecode.swift; path = AppDelegate.swift; sourceTree = "<group>"; };
		E89BC4A62B3A2C8F00CED366 /* SceneDelegate.swift */ = {isa = PBXFileReference; lastKnownFileType = sourcecode.swift; path = SceneDelegate.swift; sourceTree = "<group>"; };
		E89BC4A82B3A2C8F00CED366 /* ViewController.swift */ = {isa = PBXFileReference; lastKnownFileType = sourcecode.swift; path = ViewController.swift; sourceTree = "<group>"; };
		E89BC4AB2B3A2C8F00CED366 /* Base */ = {isa = PBXFileReference; lastKnownFileType = file.storyboard; name = Base; path = Base.lproj/Main.storyboard; sourceTree = "<group>"; };
		E89BC4AD2B3A2C9200CED366 /* Assets.xcassets */ = {isa = PBXFileReference; lastKnownFileType = folder.assetcatalog; path = Assets.xcassets; sourceTree = "<group>"; };
		E89BC4B02B3A2C9200CED366 /* Base */ = {isa = PBXFileReference; lastKnownFileType = file.storyboard; name = Base; path = Base.lproj/LaunchScreen.storyboard; sourceTree = "<group>"; };
		E89BC4B22B3A2C9200CED366 /* Info.plist */ = {isa = PBXFileReference; lastKnownFileType = text.plist.xml; path = Info.plist; sourceTree = "<group>"; };
		E89BC4B72B3A2C9200CED366 /* Chefaa_TaskTests.xctest */ = {isa = PBXFileReference; explicitFileType = wrapper.cfbundle; includeInIndex = 0; path = Chefaa_TaskTests.xctest; sourceTree = BUILT_PRODUCTS_DIR; };
		E89BC4BB2B3A2C9200CED366 /* Chefaa_TaskTests.swift */ = {isa = PBXFileReference; lastKnownFileType = sourcecode.swift; path = Chefaa_TaskTests.swift; sourceTree = "<group>"; };
		E89BC4C12B3A2C9200CED366 /* Chefaa_TaskUITests.xctest */ = {isa = PBXFileReference; explicitFileType = wrapper.cfbundle; includeInIndex = 0; path = Chefaa_TaskUITests.xctest; sourceTree = BUILT_PRODUCTS_DIR; };
		E89BC4C52B3A2C9200CED366 /* Chefaa_TaskUITests.swift */ = {isa = PBXFileReference; lastKnownFileType = sourcecode.swift; path = Chefaa_TaskUITests.swift; sourceTree = "<group>"; };
		E89BC4C72B3A2C9200CED366 /* Chefaa_TaskUITestsLaunchTests.swift */ = {isa = PBXFileReference; lastKnownFileType = sourcecode.swift; path = Chefaa_TaskUITestsLaunchTests.swift; sourceTree = "<group>"; };
		E89BC4DB2B3A2E4B00CED366 /* NetworkManager.swift */ = {isa = PBXFileReference; lastKnownFileType = sourcecode.swift; path = NetworkManager.swift; sourceTree = "<group>"; };
		E89BC4DD2B3A2E6400CED366 /* Url.swift */ = {isa = PBXFileReference; lastKnownFileType = sourcecode.swift; path = Url.swift; sourceTree = "<group>"; };
		E89BC4DF2B3A2E6F00CED366 /* ApiService.swift */ = {isa = PBXFileReference; lastKnownFileType = sourcecode.swift; path = ApiService.swift; sourceTree = "<group>"; };
		E89BC4E12B3A2F0200CED366 /* CharactersViewModel.swift */ = {isa = PBXFileReference; lastKnownFileType = sourcecode.swift; path = CharactersViewModel.swift; sourceTree = "<group>"; };
		E89BC4E52B3A2F4A00CED366 /* CharactersViewController.swift */ = {isa = PBXFileReference; lastKnownFileType = sourcecode.swift; path = CharactersViewController.swift; sourceTree = "<group>"; };
		ECECAC1B5B71B3AEFF006F07 /* Pods-Chefaa_Task-Chefaa_TaskUITests.debug.xcconfig */ = {isa = PBXFileReference; includeInIndex = 1; lastKnownFileType = text.xcconfig; name = "Pods-Chefaa_Task-Chefaa_TaskUITests.debug.xcconfig"; path = "Target Support Files/Pods-Chefaa_Task-Chefaa_TaskUITests/Pods-Chefaa_Task-Chefaa_TaskUITests.debug.xcconfig"; sourceTree = "<group>"; };
		F48B839C858E7DF1F666B020 /* Pods-Chefaa_TaskTests.release.xcconfig */ = {isa = PBXFileReference; includeInIndex = 1; lastKnownFileType = text.xcconfig; name = "Pods-Chefaa_TaskTests.release.xcconfig"; path = "Target Support Files/Pods-Chefaa_TaskTests/Pods-Chefaa_TaskTests.release.xcconfig"; sourceTree = "<group>"; };
		F61A3F3735B52928AF25E582 /* Pods-Chefaa_Task.debug.xcconfig */ = {isa = PBXFileReference; includeInIndex = 1; lastKnownFileType = text.xcconfig; name = "Pods-Chefaa_Task.debug.xcconfig"; path = "Target Support Files/Pods-Chefaa_Task/Pods-Chefaa_Task.debug.xcconfig"; sourceTree = "<group>"; };
/* End PBXFileReference section */

/* Begin PBXFrameworksBuildPhase section */
		E89BC49E2B3A2C8F00CED366 /* Frameworks */ = {
			isa = PBXFrameworksBuildPhase;
			buildActionMask = 2147483647;
			files = (
				B1541BFD87DCCDD5C128E212 /* Pods_Chefaa_Task.framework in Frameworks */,
			);
			runOnlyForDeploymentPostprocessing = 0;
		};
		E89BC4B42B3A2C9200CED366 /* Frameworks */ = {
			isa = PBXFrameworksBuildPhase;
			buildActionMask = 2147483647;
			files = (
				59EA4EBEC7AF7C4FF96C2E93 /* Pods_Chefaa_TaskTests.framework in Frameworks */,
			);
			runOnlyForDeploymentPostprocessing = 0;
		};
		E89BC4BE2B3A2C9200CED366 /* Frameworks */ = {
			isa = PBXFrameworksBuildPhase;
			buildActionMask = 2147483647;
			files = (
				44F4AA3DB70410A7E5B26DBE /* Pods_Chefaa_Task_Chefaa_TaskUITests.framework in Frameworks */,
			);
			runOnlyForDeploymentPostprocessing = 0;
		};
/* End PBXFrameworksBuildPhase section */

/* Begin PBXGroup section */
		0791E335E12949B569EC9453 /* Pods */ = {
			isa = PBXGroup;
			children = (
				F61A3F3735B52928AF25E582 /* Pods-Chefaa_Task.debug.xcconfig */,
				2516EB304E1863E4B9EB23AE /* Pods-Chefaa_Task.release.xcconfig */,
				ECECAC1B5B71B3AEFF006F07 /* Pods-Chefaa_Task-Chefaa_TaskUITests.debug.xcconfig */,
				05C4FEF3A82437588CE56D40 /* Pods-Chefaa_Task-Chefaa_TaskUITests.release.xcconfig */,
				22CE9CFD07F0CE3CE0B93CF6 /* Pods-Chefaa_TaskTests.debug.xcconfig */,
				F48B839C858E7DF1F666B020 /* Pods-Chefaa_TaskTests.release.xcconfig */,
			);
			path = Pods;
			sourceTree = "<group>";
		};
		149ED212528D33361AFCE414 /* Frameworks */ = {
			isa = PBXGroup;
			children = (
				DD968892DCC065DF415CF8ED /* Pods_Chefaa_Task.framework */,
				CEE33299B73D13E84593DE43 /* Pods_Chefaa_Task_Chefaa_TaskUITests.framework */,
				100D3510EDD70E596AD20FAB /* Pods_Chefaa_TaskTests.framework */,
			);
			name = Frameworks;
			sourceTree = "<group>";
		};
		E86085442B3A321800958E65 /* CharacterCell */ = {
			isa = PBXGroup;
			children = (
				E86085472B3A32D800958E65 /* CharacterCell.swift */,
				E86085482B3A32D800958E65 /* CharacterCell.xib */,
			);
			path = CharacterCell;
			sourceTree = "<group>";
		};
		E860854D2B3A579F00958E65 /* DetailsView */ = {
			isa = PBXGroup;
			children = (
				E86085502B3A57DB00958E65 /* CategoreCell */,
				E860854E2B3A57C300958E65 /* DetailsViewController.swift */,
			);
			path = DetailsView;
			sourceTree = "<group>";
		};
		E86085502B3A57DB00958E65 /* CategoreCell */ = {
			isa = PBXGroup;
			children = (
				E86085512B3A57FD00958E65 /* CategoryCell.swift */,
				E86085522B3A57FD00958E65 /* CategoryCell.xib */,
			);
			path = CategoreCell;
			sourceTree = "<group>";
		};
		E89BC4982B3A2C8E00CED366 = {
			isa = PBXGroup;
			children = (
				E89BC4A32B3A2C8F00CED366 /* Chefaa_Task */,
				E89BC4BA2B3A2C9200CED366 /* Chefaa_TaskTests */,
				E89BC4C42B3A2C9200CED366 /* Chefaa_TaskUITests */,
				E89BC4A22B3A2C8F00CED366 /* Products */,
				0791E335E12949B569EC9453 /* Pods */,
				149ED212528D33361AFCE414 /* Frameworks */,
			);
			sourceTree = "<group>";
		};
		E89BC4A22B3A2C8F00CED366 /* Products */ = {
			isa = PBXGroup;
			children = (
				E89BC4A12B3A2C8F00CED366 /* Chefaa_Task.app */,
				E89BC4B72B3A2C9200CED366 /* Chefaa_TaskTests.xctest */,
				E89BC4C12B3A2C9200CED366 /* Chefaa_TaskUITests.xctest */,
			);
			name = Products;
			sourceTree = "<group>";
		};
		E89BC4A32B3A2C8F00CED366 /* Chefaa_Task */ = {
			isa = PBXGroup;
			children = (
				E89BC4D92B3A2E1000CED366 /* Extensions */,
				E89BC4D82B3A2E0500CED366 /* Networking */,
				E89BC4D72B3A2DFD00CED366 /* Apis */,
				E89BC4D62B3A2DDF00CED366 /* Model */,
				E89BC4D52B3A2DD300CED366 /* View */,
				E89BC4D42B3A2DC800CED366 /* ViewModel */,
				E89BC4A42B3A2C8F00CED366 /* AppDelegate.swift */,
				E89BC4A62B3A2C8F00CED366 /* SceneDelegate.swift */,
				E89BC4A82B3A2C8F00CED366 /* ViewController.swift */,
				E89BC4AD2B3A2C9200CED366 /* Assets.xcassets */,
				E89BC4B22B3A2C9200CED366 /* Info.plist */,
			);
			path = Chefaa_Task;
			sourceTree = "<group>";
		};
		E89BC4BA2B3A2C9200CED366 /* Chefaa_TaskTests */ = {
			isa = PBXGroup;
			children = (
				E89BC4BB2B3A2C9200CED366 /* Chefaa_TaskTests.swift */,
			);
			path = Chefaa_TaskTests;
			sourceTree = "<group>";
		};
		E89BC4C42B3A2C9200CED366 /* Chefaa_TaskUITests */ = {
			isa = PBXGroup;
			children = (
				E89BC4C52B3A2C9200CED366 /* Chefaa_TaskUITests.swift */,
				E89BC4C72B3A2C9200CED366 /* Chefaa_TaskUITestsLaunchTests.swift */,
			);
			path = Chefaa_TaskUITests;
			sourceTree = "<group>";
		};
		E89BC4D42B3A2DC800CED366 /* ViewModel */ = {
			isa = PBXGroup;
			children = (
				E89BC4E32B3A2F0D00CED366 /* Characters */,
			);
			path = ViewModel;
			sourceTree = "<group>";
		};
		E89BC4D52B3A2DD300CED366 /* View */ = {
			isa = PBXGroup;
			children = (
				E860854D2B3A579F00958E65 /* DetailsView */,
				E89BC4E42B3A2F1F00CED366 /* CharactersView */,
				E89BC4AA2B3A2C8F00CED366 /* Main.storyboard */,
				E89BC4AF2B3A2C9200CED366 /* LaunchScreen.storyboard */,
			);
			path = View;
			sourceTree = "<group>";
		};
		E89BC4D62B3A2DDF00CED366 /* Model */ = {
			isa = PBXGroup;
			children = (
				E860854B2B3A401600958E65 /* Character.swift */,
			);
			path = Model;
			sourceTree = "<group>";
		};
		E89BC4D72B3A2DFD00CED366 /* Apis */ = {
			isa = PBXGroup;
			children = (
				E89BC4DD2B3A2E6400CED366 /* Url.swift */,
				E89BC4DF2B3A2E6F00CED366 /* ApiService.swift */,
			);
			path = Apis;
			sourceTree = "<group>";
		};
		E89BC4D82B3A2E0500CED366 /* Networking */ = {
			isa = PBXGroup;
			children = (
				E89BC4DB2B3A2E4B00CED366 /* NetworkManager.swift */,
			);
			path = Networking;
			sourceTree = "<group>";
		};
		E89BC4D92B3A2E1000CED366 /* Extensions */ = {
			isa = PBXGroup;
			children = (
			);
			path = Extensions;
			sourceTree = "<group>";
		};
		E89BC4E32B3A2F0D00CED366 /* Characters */ = {
			isa = PBXGroup;
			children = (
				E89BC4E12B3A2F0200CED366 /* CharactersViewModel.swift */,
			);
			path = Characters;
			sourceTree = "<group>";
		};
		E89BC4E42B3A2F1F00CED366 /* CharactersView */ = {
			isa = PBXGroup;
			children = (
				E86085442B3A321800958E65 /* CharacterCell */,
				E89BC4E52B3A2F4A00CED366 /* CharactersViewController.swift */,
			);
			path = CharactersView;
			sourceTree = "<group>";
		};
/* End PBXGroup section */

/* Begin PBXNativeTarget section */
		E89BC4A02B3A2C8F00CED366 /* Chefaa_Task */ = {
			isa = PBXNativeTarget;
			buildConfigurationList = E89BC4CB2B3A2C9200CED366 /* Build configuration list for PBXNativeTarget "Chefaa_Task" */;
			buildPhases = (
				3DB5E546C445C7667A30D2B4 /* [CP] Check Pods Manifest.lock */,
				E89BC49D2B3A2C8F00CED366 /* Sources */,
				E89BC49E2B3A2C8F00CED366 /* Frameworks */,
				E89BC49F2B3A2C8F00CED366 /* Resources */,
				D967AC4B35ED73BE5280F8BA /* [CP] Embed Pods Frameworks */,
			);
			buildRules = (
			);
			dependencies = (
			);
			name = Chefaa_Task;
			productName = Chefaa_Task;
			productReference = E89BC4A12B3A2C8F00CED366 /* Chefaa_Task.app */;
			productType = "com.apple.product-type.application";
		};
		E89BC4B62B3A2C9200CED366 /* Chefaa_TaskTests */ = {
			isa = PBXNativeTarget;
			buildConfigurationList = E89BC4CE2B3A2C9200CED366 /* Build configuration list for PBXNativeTarget "Chefaa_TaskTests" */;
			buildPhases = (
				CA0217B817950DA398BB6890 /* [CP] Check Pods Manifest.lock */,
				E89BC4B32B3A2C9200CED366 /* Sources */,
				E89BC4B42B3A2C9200CED366 /* Frameworks */,
				E89BC4B52B3A2C9200CED366 /* Resources */,
			);
			buildRules = (
			);
			dependencies = (
				E89BC4B92B3A2C9200CED366 /* PBXTargetDependency */,
			);
			name = Chefaa_TaskTests;
			productName = Chefaa_TaskTests;
			productReference = E89BC4B72B3A2C9200CED366 /* Chefaa_TaskTests.xctest */;
			productType = "com.apple.product-type.bundle.unit-test";
		};
		E89BC4C02B3A2C9200CED366 /* Chefaa_TaskUITests */ = {
			isa = PBXNativeTarget;
			buildConfigurationList = E89BC4D12B3A2C9200CED366 /* Build configuration list for PBXNativeTarget "Chefaa_TaskUITests" */;
			buildPhases = (
				A40085412BB6A69433FF2C82 /* [CP] Check Pods Manifest.lock */,
				E89BC4BD2B3A2C9200CED366 /* Sources */,
				E89BC4BE2B3A2C9200CED366 /* Frameworks */,
				E89BC4BF2B3A2C9200CED366 /* Resources */,
				A6918F79D7284E97E838AA8D /* [CP] Embed Pods Frameworks */,
			);
			buildRules = (
			);
			dependencies = (
				E89BC4C32B3A2C9200CED366 /* PBXTargetDependency */,
			);
			name = Chefaa_TaskUITests;
			productName = Chefaa_TaskUITests;
			productReference = E89BC4C12B3A2C9200CED366 /* Chefaa_TaskUITests.xctest */;
			productType = "com.apple.product-type.bundle.ui-testing";
		};
/* End PBXNativeTarget section */

/* Begin PBXProject section */
		E89BC4992B3A2C8E00CED366 /* Project object */ = {
			isa = PBXProject;
			attributes = {
				BuildIndependentTargetsInParallel = 1;
				LastSwiftUpdateCheck = 1420;
				LastUpgradeCheck = 1420;
				TargetAttributes = {
					E89BC4A02B3A2C8F00CED366 = {
						CreatedOnToolsVersion = 14.2;
					};
					E89BC4B62B3A2C9200CED366 = {
						CreatedOnToolsVersion = 14.2;
						TestTargetID = E89BC4A02B3A2C8F00CED366;
					};
					E89BC4C02B3A2C9200CED366 = {
						CreatedOnToolsVersion = 14.2;
						TestTargetID = E89BC4A02B3A2C8F00CED366;
					};
				};
			};
			buildConfigurationList = E89BC49C2B3A2C8F00CED366 /* Build configuration list for PBXProject "Chefaa_Task" */;
			compatibilityVersion = "Xcode 12.0";
			developmentRegion = en;
			hasScannedForEncodings = 0;
			knownRegions = (
				en,
				Base,
			);
			mainGroup = E89BC4982B3A2C8E00CED366;
			productRefGroup = E89BC4A22B3A2C8F00CED366 /* Products */;
			projectDirPath = "";
			projectRoot = "";
			targets = (
				E89BC4A02B3A2C8F00CED366 /* Chefaa_Task */,
				E89BC4B62B3A2C9200CED366 /* Chefaa_TaskTests */,
				E89BC4C02B3A2C9200CED366 /* Chefaa_TaskUITests */,
			);
		};
/* End PBXProject section */

/* Begin PBXResourcesBuildPhase section */
		E89BC49F2B3A2C8F00CED366 /* Resources */ = {
			isa = PBXResourcesBuildPhase;
			buildActionMask = 2147483647;
			files = (
				E86085542B3A57FD00958E65 /* CategoryCell.xib in Resources */,
				E89BC4B12B3A2C9200CED366 /* LaunchScreen.storyboard in Resources */,
				E89BC4AE2B3A2C9200CED366 /* Assets.xcassets in Resources */,
				E89BC4AC2B3A2C8F00CED366 /* Main.storyboard in Resources */,
				E860854A2B3A32D800958E65 /* CharacterCell.xib in Resources */,
			);
			runOnlyForDeploymentPostprocessing = 0;
		};
		E89BC4B52B3A2C9200CED366 /* Resources */ = {
			isa = PBXResourcesBuildPhase;
			buildActionMask = 2147483647;
			files = (
			);
			runOnlyForDeploymentPostprocessing = 0;
		};
		E89BC4BF2B3A2C9200CED366 /* Resources */ = {
			isa = PBXResourcesBuildPhase;
			buildActionMask = 2147483647;
			files = (
			);
			runOnlyForDeploymentPostprocessing = 0;
		};
/* End PBXResourcesBuildPhase section */

/* Begin PBXShellScriptBuildPhase section */
		3DB5E546C445C7667A30D2B4 /* [CP] Check Pods Manifest.lock */ = {
			isa = PBXShellScriptBuildPhase;
			buildActionMask = 2147483647;
			files = (
			);
			inputFileListPaths = (
			);
			inputPaths = (
				"${PODS_PODFILE_DIR_PATH}/Podfile.lock",
				"${PODS_ROOT}/Manifest.lock",
			);
			name = "[CP] Check Pods Manifest.lock";
			outputFileListPaths = (
			);
			outputPaths = (
				"$(DERIVED_FILE_DIR)/Pods-Chefaa_Task-checkManifestLockResult.txt",
			);
			runOnlyForDeploymentPostprocessing = 0;
			shellPath = /bin/sh;
			shellScript = "diff \"${PODS_PODFILE_DIR_PATH}/Podfile.lock\" \"${PODS_ROOT}/Manifest.lock\" > /dev/null\nif [ $? != 0 ] ; then\n    # print error to STDERR\n    echo \"error: The sandbox is not in sync with the Podfile.lock. Run 'pod install' or update your CocoaPods installation.\" >&2\n    exit 1\nfi\n# This output is used by Xcode 'outputs' to avoid re-running this script phase.\necho \"SUCCESS\" > \"${SCRIPT_OUTPUT_FILE_0}\"\n";
			showEnvVarsInLog = 0;
		};
		A40085412BB6A69433FF2C82 /* [CP] Check Pods Manifest.lock */ = {
			isa = PBXShellScriptBuildPhase;
			buildActionMask = 2147483647;
			files = (
			);
			inputFileListPaths = (
			);
			inputPaths = (
				"${PODS_PODFILE_DIR_PATH}/Podfile.lock",
				"${PODS_ROOT}/Manifest.lock",
			);
			name = "[CP] Check Pods Manifest.lock";
			outputFileListPaths = (
			);
			outputPaths = (
				"$(DERIVED_FILE_DIR)/Pods-Chefaa_Task-Chefaa_TaskUITests-checkManifestLockResult.txt",
			);
			runOnlyForDeploymentPostprocessing = 0;
			shellPath = /bin/sh;
			shellScript = "diff \"${PODS_PODFILE_DIR_PATH}/Podfile.lock\" \"${PODS_ROOT}/Manifest.lock\" > /dev/null\nif [ $? != 0 ] ; then\n    # print error to STDERR\n    echo \"error: The sandbox is not in sync with the Podfile.lock. Run 'pod install' or update your CocoaPods installation.\" >&2\n    exit 1\nfi\n# This output is used by Xcode 'outputs' to avoid re-running this script phase.\necho \"SUCCESS\" > \"${SCRIPT_OUTPUT_FILE_0}\"\n";
			showEnvVarsInLog = 0;
		};
		A6918F79D7284E97E838AA8D /* [CP] Embed Pods Frameworks */ = {
			isa = PBXShellScriptBuildPhase;
			buildActionMask = 2147483647;
			files = (
			);
			inputFileListPaths = (
				"${PODS_ROOT}/Target Support Files/Pods-Chefaa_Task-Chefaa_TaskUITests/Pods-Chefaa_Task-Chefaa_TaskUITests-frameworks-${CONFIGURATION}-input-files.xcfilelist",
			);
			name = "[CP] Embed Pods Frameworks";
			outputFileListPaths = (
				"${PODS_ROOT}/Target Support Files/Pods-Chefaa_Task-Chefaa_TaskUITests/Pods-Chefaa_Task-Chefaa_TaskUITests-frameworks-${CONFIGURATION}-output-files.xcfilelist",
			);
			runOnlyForDeploymentPostprocessing = 0;
			shellPath = /bin/sh;
			shellScript = "\"${PODS_ROOT}/Target Support Files/Pods-Chefaa_Task-Chefaa_TaskUITests/Pods-Chefaa_Task-Chefaa_TaskUITests-frameworks.sh\"\n";
			showEnvVarsInLog = 0;
		};
		CA0217B817950DA398BB6890 /* [CP] Check Pods Manifest.lock */ = {
			isa = PBXShellScriptBuildPhase;
			buildActionMask = 2147483647;
			files = (
			);
			inputFileListPaths = (
			);
			inputPaths = (
				"${PODS_PODFILE_DIR_PATH}/Podfile.lock",
				"${PODS_ROOT}/Manifest.lock",
			);
			name = "[CP] Check Pods Manifest.lock";
			outputFileListPaths = (
			);
			outputPaths = (
				"$(DERIVED_FILE_DIR)/Pods-Chefaa_TaskTests-checkManifestLockResult.txt",
			);
			runOnlyForDeploymentPostprocessing = 0;
			shellPath = /bin/sh;
			shellScript = "diff \"${PODS_PODFILE_DIR_PATH}/Podfile.lock\" \"${PODS_ROOT}/Manifest.lock\" > /dev/null\nif [ $? != 0 ] ; then\n    # print error to STDERR\n    echo \"error: The sandbox is not in sync with the Podfile.lock. Run 'pod install' or update your CocoaPods installation.\" >&2\n    exit 1\nfi\n# This output is used by Xcode 'outputs' to avoid re-running this script phase.\necho \"SUCCESS\" > \"${SCRIPT_OUTPUT_FILE_0}\"\n";
			showEnvVarsInLog = 0;
		};
		D967AC4B35ED73BE5280F8BA /* [CP] Embed Pods Frameworks */ = {
			isa = PBXShellScriptBuildPhase;
			buildActionMask = 2147483647;
			files = (
			);
			inputFileListPaths = (
				"${PODS_ROOT}/Target Support Files/Pods-Chefaa_Task/Pods-Chefaa_Task-frameworks-${CONFIGURATION}-input-files.xcfilelist",
			);
			name = "[CP] Embed Pods Frameworks";
			outputFileListPaths = (
				"${PODS_ROOT}/Target Support Files/Pods-Chefaa_Task/Pods-Chefaa_Task-frameworks-${CONFIGURATION}-output-files.xcfilelist",
			);
			runOnlyForDeploymentPostprocessing = 0;
			shellPath = /bin/sh;
			shellScript = "\"${PODS_ROOT}/Target Support Files/Pods-Chefaa_Task/Pods-Chefaa_Task-frameworks.sh\"\n";
			showEnvVarsInLog = 0;
		};
/* End PBXShellScriptBuildPhase section */

/* Begin PBXSourcesBuildPhase section */
		E89BC49D2B3A2C8F00CED366 /* Sources */ = {
			isa = PBXSourcesBuildPhase;
			buildActionMask = 2147483647;
			files = (
				E89BC4E62B3A2F4A00CED366 /* CharactersViewController.swift in Sources */,
				E89BC4DC2B3A2E4B00CED366 /* NetworkManager.swift in Sources */,
				E89BC4E22B3A2F0200CED366 /* CharactersViewModel.swift in Sources */,
				E860854F2B3A57C300958E65 /* DetailsViewController.swift in Sources */,
				E86085492B3A32D800958E65 /* CharacterCell.swift in Sources */,
				E89BC4A92B3A2C8F00CED366 /* ViewController.swift in Sources */,
				E89BC4E02B3A2E6F00CED366 /* ApiService.swift in Sources */,
				E89BC4A52B3A2C8F00CED366 /* AppDelegate.swift in Sources */,
				E860854C2B3A401600958E65 /* Character.swift in Sources */,
				E89BC4A72B3A2C8F00CED366 /* SceneDelegate.swift in Sources */,
				E89BC4DE2B3A2E6400CED366 /* Url.swift in Sources */,
				E86085532B3A57FD00958E65 /* CategoryCell.swift in Sources */,
			);
			runOnlyForDeploymentPostprocessing = 0;
		};
		E89BC4B32B3A2C9200CED366 /* Sources */ = {
			isa = PBXSourcesBuildPhase;
			buildActionMask = 2147483647;
			files = (
				E89BC4BC2B3A2C9200CED366 /* Chefaa_TaskTests.swift in Sources */,
			);
			runOnlyForDeploymentPostprocessing = 0;
		};
		E89BC4BD2B3A2C9200CED366 /* Sources */ = {
			isa = PBXSourcesBuildPhase;
			buildActionMask = 2147483647;
			files = (
				E89BC4C62B3A2C9200CED366 /* Chefaa_TaskUITests.swift in Sources */,
				E89BC4C82B3A2C9200CED366 /* Chefaa_TaskUITestsLaunchTests.swift in Sources */,
			);
			runOnlyForDeploymentPostprocessing = 0;
		};
/* End PBXSourcesBuildPhase section */

/* Begin PBXTargetDependency section */
		E89BC4B92B3A2C9200CED366 /* PBXTargetDependency */ = {
			isa = PBXTargetDependency;
			target = E89BC4A02B3A2C8F00CED366 /* Chefaa_Task */;
			targetProxy = E89BC4B82B3A2C9200CED366 /* PBXContainerItemProxy */;
		};
		E89BC4C32B3A2C9200CED366 /* PBXTargetDependency */ = {
			isa = PBXTargetDependency;
			target = E89BC4A02B3A2C8F00CED366 /* Chefaa_Task */;
			targetProxy = E89BC4C22B3A2C9200CED366 /* PBXContainerItemProxy */;
		};
/* End PBXTargetDependency section */

/* Begin PBXVariantGroup section */
		E89BC4AA2B3A2C8F00CED366 /* Main.storyboard */ = {
			isa = PBXVariantGroup;
			children = (
				E89BC4AB2B3A2C8F00CED366 /* Base */,
			);
			name = Main.storyboard;
			sourceTree = "<group>";
		};
		E89BC4AF2B3A2C9200CED366 /* LaunchScreen.storyboard */ = {
			isa = PBXVariantGroup;
			children = (
				E89BC4B02B3A2C9200CED366 /* Base */,
			);
			name = LaunchScreen.storyboard;
			sourceTree = "<group>";
		};
/* End PBXVariantGroup section */

/* Begin XCBuildConfiguration section */
		E89BC4C92B3A2C9200CED366 /* Debug */ = {
			isa = XCBuildConfiguration;
			buildSettings = {
				ALWAYS_SEARCH_USER_PATHS = NO;
				CLANG_ANALYZER_NONNULL = YES;
				CLANG_ANALYZER_NUMBER_OBJECT_CONVERSION = YES_AGGRESSIVE;
				CLANG_CXX_LANGUAGE_STANDARD = "gnu++20";
				CLANG_ENABLE_MODULES = YES;
				CLANG_ENABLE_OBJC_ARC = YES;
				CLANG_ENABLE_OBJC_WEAK = YES;
				CLANG_WARN_BLOCK_CAPTURE_AUTORELEASING = YES;
				CLANG_WARN_BOOL_CONVERSION = YES;
				CLANG_WARN_COMMA = YES;
				CLANG_WARN_CONSTANT_CONVERSION = YES;
				CLANG_WARN_DEPRECATED_OBJC_IMPLEMENTATIONS = YES;
				CLANG_WARN_DIRECT_OBJC_ISA_USAGE = YES_ERROR;
				CLANG_WARN_DOCUMENTATION_COMMENTS = YES;
				CLANG_WARN_EMPTY_BODY = YES;
				CLANG_WARN_ENUM_CONVERSION = YES;
				CLANG_WARN_INFINITE_RECURSION = YES;
				CLANG_WARN_INT_CONVERSION = YES;
				CLANG_WARN_NON_LITERAL_NULL_CONVERSION = YES;
				CLANG_WARN_OBJC_IMPLICIT_RETAIN_SELF = YES;
				CLANG_WARN_OBJC_LITERAL_CONVERSION = YES;
				CLANG_WARN_OBJC_ROOT_CLASS = YES_ERROR;
				CLANG_WARN_QUOTED_INCLUDE_IN_FRAMEWORK_HEADER = YES;
				CLANG_WARN_RANGE_LOOP_ANALYSIS = YES;
				CLANG_WARN_STRICT_PROTOTYPES = YES;
				CLANG_WARN_SUSPICIOUS_MOVE = YES;
				CLANG_WARN_UNGUARDED_AVAILABILITY = YES_AGGRESSIVE;
				CLANG_WARN_UNREACHABLE_CODE = YES;
				CLANG_WARN__DUPLICATE_METHOD_MATCH = YES;
				COPY_PHASE_STRIP = NO;
				DEBUG_INFORMATION_FORMAT = dwarf;
				ENABLE_STRICT_OBJC_MSGSEND = YES;
				ENABLE_TESTABILITY = YES;
				GCC_C_LANGUAGE_STANDARD = gnu11;
				GCC_DYNAMIC_NO_PIC = NO;
				GCC_NO_COMMON_BLOCKS = YES;
				GCC_OPTIMIZATION_LEVEL = 0;
				GCC_PREPROCESSOR_DEFINITIONS = (
					"DEBUG=1",
					"$(inherited)",
				);
				GCC_WARN_64_TO_32_BIT_CONVERSION = YES;
				GCC_WARN_ABOUT_RETURN_TYPE = YES_ERROR;
				GCC_WARN_UNDECLARED_SELECTOR = YES;
				GCC_WARN_UNINITIALIZED_AUTOS = YES_AGGRESSIVE;
				GCC_WARN_UNUSED_FUNCTION = YES;
				GCC_WARN_UNUSED_VARIABLE = YES;
				IPHONEOS_DEPLOYMENT_TARGET = 16.2;
				MTL_ENABLE_DEBUG_INFO = INCLUDE_SOURCE;
				MTL_FAST_MATH = YES;
				ONLY_ACTIVE_ARCH = YES;
				SDKROOT = iphoneos;
				SWIFT_ACTIVE_COMPILATION_CONDITIONS = DEBUG;
				SWIFT_OPTIMIZATION_LEVEL = "-Onone";
			};
			name = Debug;
		};
		E89BC4CA2B3A2C9200CED366 /* Release */ = {
			isa = XCBuildConfiguration;
			buildSettings = {
				ALWAYS_SEARCH_USER_PATHS = NO;
				CLANG_ANALYZER_NONNULL = YES;
				CLANG_ANALYZER_NUMBER_OBJECT_CONVERSION = YES_AGGRESSIVE;
				CLANG_CXX_LANGUAGE_STANDARD = "gnu++20";
				CLANG_ENABLE_MODULES = YES;
				CLANG_ENABLE_OBJC_ARC = YES;
				CLANG_ENABLE_OBJC_WEAK = YES;
				CLANG_WARN_BLOCK_CAPTURE_AUTORELEASING = YES;
				CLANG_WARN_BOOL_CONVERSION = YES;
				CLANG_WARN_COMMA = YES;
				CLANG_WARN_CONSTANT_CONVERSION = YES;
				CLANG_WARN_DEPRECATED_OBJC_IMPLEMENTATIONS = YES;
				CLANG_WARN_DIRECT_OBJC_ISA_USAGE = YES_ERROR;
				CLANG_WARN_DOCUMENTATION_COMMENTS = YES;
				CLANG_WARN_EMPTY_BODY = YES;
				CLANG_WARN_ENUM_CONVERSION = YES;
				CLANG_WARN_INFINITE_RECURSION = YES;
				CLANG_WARN_INT_CONVERSION = YES;
				CLANG_WARN_NON_LITERAL_NULL_CONVERSION = YES;
				CLANG_WARN_OBJC_IMPLICIT_RETAIN_SELF = YES;
				CLANG_WARN_OBJC_LITERAL_CONVERSION = YES;
				CLANG_WARN_OBJC_ROOT_CLASS = YES_ERROR;
				CLANG_WARN_QUOTED_INCLUDE_IN_FRAMEWORK_HEADER = YES;
				CLANG_WARN_RANGE_LOOP_ANALYSIS = YES;
				CLANG_WARN_STRICT_PROTOTYPES = YES;
				CLANG_WARN_SUSPICIOUS_MOVE = YES;
				CLANG_WARN_UNGUARDED_AVAILABILITY = YES_AGGRESSIVE;
				CLANG_WARN_UNREACHABLE_CODE = YES;
				CLANG_WARN__DUPLICATE_METHOD_MATCH = YES;
				COPY_PHASE_STRIP = NO;
				DEBUG_INFORMATION_FORMAT = "dwarf-with-dsym";
				ENABLE_NS_ASSERTIONS = NO;
				ENABLE_STRICT_OBJC_MSGSEND = YES;
				GCC_C_LANGUAGE_STANDARD = gnu11;
				GCC_NO_COMMON_BLOCKS = YES;
				GCC_WARN_64_TO_32_BIT_CONVERSION = YES;
				GCC_WARN_ABOUT_RETURN_TYPE = YES_ERROR;
				GCC_WARN_UNDECLARED_SELECTOR = YES;
				GCC_WARN_UNINITIALIZED_AUTOS = YES_AGGRESSIVE;
				GCC_WARN_UNUSED_FUNCTION = YES;
				GCC_WARN_UNUSED_VARIABLE = YES;
				IPHONEOS_DEPLOYMENT_TARGET = 16.2;
				MTL_ENABLE_DEBUG_INFO = NO;
				MTL_FAST_MATH = YES;
				SDKROOT = iphoneos;
				SWIFT_COMPILATION_MODE = wholemodule;
				SWIFT_OPTIMIZATION_LEVEL = "-O";
				VALIDATE_PRODUCT = YES;
			};
			name = Release;
		};
		E89BC4CC2B3A2C9200CED366 /* Debug */ = {
			isa = XCBuildConfiguration;
			baseConfigurationReference = F61A3F3735B52928AF25E582 /* Pods-Chefaa_Task.debug.xcconfig */;
			buildSettings = {
				ASSETCATALOG_COMPILER_APPICON_NAME = AppIcon;
				ASSETCATALOG_COMPILER_GLOBAL_ACCENT_COLOR_NAME = AccentColor;
				CODE_SIGN_STYLE = Automatic;
				CURRENT_PROJECT_VERSION = 1;
				DEVELOPMENT_TEAM = A2TVT95V32;
				GENERATE_INFOPLIST_FILE = YES;
				INFOPLIST_FILE = Chefaa_Task/Info.plist;
				INFOPLIST_KEY_UIApplicationSupportsIndirectInputEvents = YES;
				INFOPLIST_KEY_UILaunchStoryboardName = LaunchScreen;
				INFOPLIST_KEY_UIMainStoryboardFile = Main;
				INFOPLIST_KEY_UISupportedInterfaceOrientations_iPad = "UIInterfaceOrientationPortrait UIInterfaceOrientationPortraitUpsideDown UIInterfaceOrientationLandscapeLeft UIInterfaceOrientationLandscapeRight";
				INFOPLIST_KEY_UISupportedInterfaceOrientations_iPhone = "UIInterfaceOrientationPortrait UIInterfaceOrientationLandscapeLeft UIInterfaceOrientationLandscapeRight";
				LD_RUNPATH_SEARCH_PATHS = (
					"$(inherited)",
					"@executable_path/Frameworks",
				);
				MARKETING_VERSION = 1.0;
				PRODUCT_BUNDLE_IDENTIFIER = "co.kazzaz.Chefaa-Task";
				PRODUCT_NAME = "$(TARGET_NAME)";
				SWIFT_EMIT_LOC_STRINGS = YES;
				SWIFT_VERSION = 5.0;
				TARGETED_DEVICE_FAMILY = "1,2";
			};
			name = Debug;
		};
		E89BC4CD2B3A2C9200CED366 /* Release */ = {
			isa = XCBuildConfiguration;
			baseConfigurationReference = 2516EB304E1863E4B9EB23AE /* Pods-Chefaa_Task.release.xcconfig */;
			buildSettings = {
				ASSETCATALOG_COMPILER_APPICON_NAME = AppIcon;
				ASSETCATALOG_COMPILER_GLOBAL_ACCENT_COLOR_NAME = AccentColor;
				CODE_SIGN_STYLE = Automatic;
				CURRENT_PROJECT_VERSION = 1;
				DEVELOPMENT_TEAM = A2TVT95V32;
				GENERATE_INFOPLIST_FILE = YES;
				INFOPLIST_FILE = Chefaa_Task/Info.plist;
				INFOPLIST_KEY_UIApplicationSupportsIndirectInputEvents = YES;
				INFOPLIST_KEY_UILaunchStoryboardName = LaunchScreen;
				INFOPLIST_KEY_UIMainStoryboardFile = Main;
				INFOPLIST_KEY_UISupportedInterfaceOrientations_iPad = "UIInterfaceOrientationPortrait UIInterfaceOrientationPortraitUpsideDown UIInterfaceOrientationLandscapeLeft UIInterfaceOrientationLandscapeRight";
				INFOPLIST_KEY_UISupportedInterfaceOrientations_iPhone = "UIInterfaceOrientationPortrait UIInterfaceOrientationLandscapeLeft UIInterfaceOrientationLandscapeRight";
				LD_RUNPATH_SEARCH_PATHS = (
					"$(inherited)",
					"@executable_path/Frameworks",
				);
				MARKETING_VERSION = 1.0;
				PRODUCT_BUNDLE_IDENTIFIER = "co.kazzaz.Chefaa-Task";
				PRODUCT_NAME = "$(TARGET_NAME)";
				SWIFT_EMIT_LOC_STRINGS = YES;
				SWIFT_VERSION = 5.0;
				TARGETED_DEVICE_FAMILY = "1,2";
			};
			name = Release;
		};
		E89BC4CF2B3A2C9200CED366 /* Debug */ = {
			isa = XCBuildConfiguration;
			baseConfigurationReference = 22CE9CFD07F0CE3CE0B93CF6 /* Pods-Chefaa_TaskTests.debug.xcconfig */;
			buildSettings = {
				ALWAYS_EMBED_SWIFT_STANDARD_LIBRARIES = YES;
				BUNDLE_LOADER = "$(TEST_HOST)";
				CODE_SIGN_STYLE = Automatic;
				CURRENT_PROJECT_VERSION = 1;
				DEVELOPMENT_TEAM = A2TVT95V32;
				GENERATE_INFOPLIST_FILE = YES;
				IPHONEOS_DEPLOYMENT_TARGET = 16.2;
				MARKETING_VERSION = 1.0;
				PRODUCT_BUNDLE_IDENTIFIER = "co.kazzaz.Chefaa-TaskTests";
				PRODUCT_NAME = "$(TARGET_NAME)";
				SWIFT_EMIT_LOC_STRINGS = NO;
				SWIFT_VERSION = 5.0;
				TARGETED_DEVICE_FAMILY = "1,2";
				TEST_HOST = "$(BUILT_PRODUCTS_DIR)/Chefaa_Task.app/$(BUNDLE_EXECUTABLE_FOLDER_PATH)/Chefaa_Task";
			};
			name = Debug;
		};
		E89BC4D02B3A2C9200CED366 /* Release */ = {
			isa = XCBuildConfiguration;
			baseConfigurationReference = F48B839C858E7DF1F666B020 /* Pods-Chefaa_TaskTests.release.xcconfig */;
			buildSettings = {
				ALWAYS_EMBED_SWIFT_STANDARD_LIBRARIES = YES;
				BUNDLE_LOADER = "$(TEST_HOST)";
				CODE_SIGN_STYLE = Automatic;
				CURRENT_PROJECT_VERSION = 1;
				DEVELOPMENT_TEAM = A2TVT95V32;
				GENERATE_INFOPLIST_FILE = YES;
				IPHONEOS_DEPLOYMENT_TARGET = 16.2;
				MARKETING_VERSION = 1.0;
				PRODUCT_BUNDLE_IDENTIFIER = "co.kazzaz.Chefaa-TaskTests";
				PRODUCT_NAME = "$(TARGET_NAME)";
				SWIFT_EMIT_LOC_STRINGS = NO;
				SWIFT_VERSION = 5.0;
				TARGETED_DEVICE_FAMILY = "1,2";
				TEST_HOST = "$(BUILT_PRODUCTS_DIR)/Chefaa_Task.app/$(BUNDLE_EXECUTABLE_FOLDER_PATH)/Chefaa_Task";
			};
			name = Release;
		};
		E89BC4D22B3A2C9200CED366 /* Debug */ = {
			isa = XCBuildConfiguration;
			baseConfigurationReference = ECECAC1B5B71B3AEFF006F07 /* Pods-Chefaa_Task-Chefaa_TaskUITests.debug.xcconfig */;
			buildSettings = {
				ALWAYS_EMBED_SWIFT_STANDARD_LIBRARIES = YES;
				CODE_SIGN_STYLE = Automatic;
				CURRENT_PROJECT_VERSION = 1;
				DEVELOPMENT_TEAM = A2TVT95V32;
				GENERATE_INFOPLIST_FILE = YES;
				MARKETING_VERSION = 1.0;
				PRODUCT_BUNDLE_IDENTIFIER = "co.kazzaz.Chefaa-TaskUITests";
				PRODUCT_NAME = "$(TARGET_NAME)";
				SWIFT_EMIT_LOC_STRINGS = NO;
				SWIFT_VERSION = 5.0;
				TARGETED_DEVICE_FAMILY = "1,2";
				TEST_TARGET_NAME = Chefaa_Task;
			};
			name = Debug;
		};
		E89BC4D32B3A2C9200CED366 /* Release */ = {
			isa = XCBuildConfiguration;
			baseConfigurationReference = 05C4FEF3A82437588CE56D40 /* Pods-Chefaa_Task-Chefaa_TaskUITests.release.xcconfig */;
			buildSettings = {
				ALWAYS_EMBED_SWIFT_STANDARD_LIBRARIES = YES;
				CODE_SIGN_STYLE = Automatic;
				CURRENT_PROJECT_VERSION = 1;
				DEVELOPMENT_TEAM = A2TVT95V32;
				GENERATE_INFOPLIST_FILE = YES;
				MARKETING_VERSION = 1.0;
				PRODUCT_BUNDLE_IDENTIFIER = "co.kazzaz.Chefaa-TaskUITests";
				PRODUCT_NAME = "$(TARGET_NAME)";
				SWIFT_EMIT_LOC_STRINGS = NO;
				SWIFT_VERSION = 5.0;
				TARGETED_DEVICE_FAMILY = "1,2";
				TEST_TARGET_NAME = Chefaa_Task;
			};
			name = Release;
		};
/* End XCBuildConfiguration section */

/* Begin XCConfigurationList section */
		E89BC49C2B3A2C8F00CED366 /* Build configuration list for PBXProject "Chefaa_Task" */ = {
			isa = XCConfigurationList;
			buildConfigurations = (
				E89BC4C92B3A2C9200CED366 /* Debug */,
				E89BC4CA2B3A2C9200CED366 /* Release */,
			);
			defaultConfigurationIsVisible = 0;
			defaultConfigurationName = Release;
		};
		E89BC4CB2B3A2C9200CED366 /* Build configuration list for PBXNativeTarget "Chefaa_Task" */ = {
			isa = XCConfigurationList;
			buildConfigurations = (
				E89BC4CC2B3A2C9200CED366 /* Debug */,
				E89BC4CD2B3A2C9200CED366 /* Release */,
			);
			defaultConfigurationIsVisible = 0;
			defaultConfigurationName = Release;
		};
		E89BC4CE2B3A2C9200CED366 /* Build configuration list for PBXNativeTarget "Chefaa_TaskTests" */ = {
			isa = XCConfigurationList;
			buildConfigurations = (
				E89BC4CF2B3A2C9200CED366 /* Debug */,
				E89BC4D02B3A2C9200CED366 /* Release */,
			);
			defaultConfigurationIsVisible = 0;
			defaultConfigurationName = Release;
		};
		E89BC4D12B3A2C9200CED366 /* Build configuration list for PBXNativeTarget "Chefaa_TaskUITests" */ = {
			isa = XCConfigurationList;
			buildConfigurations = (
				E89BC4D22B3A2C9200CED366 /* Debug */,
				E89BC4D32B3A2C9200CED366 /* Release */,
			);
			defaultConfigurationIsVisible = 0;
			defaultConfigurationName = Release;
		};
/* End XCConfigurationList section */
	};
	rootObject = E89BC4992B3A2C8E00CED366 /* Project object */;
}
